// !$*UTF8*$!
{
	archiveVersion = 1;
	classes = {
	};
	objectVersion = 77;
	objects = {

/* Begin PBXContainerItemProxy section */
		3B927B2F2D1422B000030155 /* PBXContainerItemProxy */ = {
			isa = PBXContainerItemProxy;
			containerPortal = 3B927B152D1422AD00030155 /* Project object */;
			proxyType = 1;
			remoteGlobalIDString = 3B927B1C2D1422AD00030155;
			remoteInfo = "QR Scanner";
		};
		3B927B392D1422B000030155 /* PBXContainerItemProxy */ = {
			isa = PBXContainerItemProxy;
			containerPortal = 3B927B152D1422AD00030155 /* Project object */;
			proxyType = 1;
			remoteGlobalIDString = 3B927B1C2D1422AD00030155;
			remoteInfo = "QR Scanner";
		};
/* End PBXContainerItemProxy section */

/* Begin PBXFileReference section */
		3B927B1D2D1422AD00030155 /* QR Scanner.app */ = {isa = PBXFileReference; explicitFileType = wrapper.application; includeInIndex = 0; path = "QR Scanner.app"; sourceTree = BUILT_PRODUCTS_DIR; };
		3B927B2E2D1422B000030155 /* QR ScannerTests.xctest */ = {isa = PBXFileReference; explicitFileType = wrapper.cfbundle; includeInIndex = 0; path = "QR ScannerTests.xctest"; sourceTree = BUILT_PRODUCTS_DIR; };
		3B927B382D1422B000030155 /* QR ScannerUITests.xctest */ = {isa = PBXFileReference; explicitFileType = wrapper.cfbundle; includeInIndex = 0; path = "QR ScannerUITests.xctest"; sourceTree = BUILT_PRODUCTS_DIR; };
/* End PBXFileReference section */

/* Begin PBXFileSystemSynchronizedRootGroup section */
		3B927B1F2D1422AD00030155 /* QR Scanner */ = {
			isa = PBXFileSystemSynchronizedRootGroup;
			path = "QR Scanner";
			sourceTree = "<group>";
		};
		3B927B312D1422B000030155 /* QR ScannerTests */ = {
			isa = PBXFileSystemSynchronizedRootGroup;
			path = "QR ScannerTests";
			sourceTree = "<group>";
		};
		3B927B3B2D1422B000030155 /* QR ScannerUITests */ = {
			isa = PBXFileSystemSynchronizedRootGroup;
			path = "QR ScannerUITests";
			sourceTree = "<group>";
		};
/* End PBXFileSystemSynchronizedRootGroup section */

/* Begin PBXFrameworksBuildPhase section */
		3B927B1A2D1422AD00030155 /* Frameworks */ = {
			isa = PBXFrameworksBuildPhase;
			buildActionMask = 2147483647;
			files = (
			);
			runOnlyForDeploymentPostprocessing = 0;
		};
		3B927B2B2D1422B000030155 /* Frameworks */ = {
			isa = PBXFrameworksBuildPhase;
			buildActionMask = 2147483647;
			files = (
			);
			runOnlyForDeploymentPostprocessing = 0;
		};
		3B927B352D1422B000030155 /* Frameworks */ = {
			isa = PBXFrameworksBuildPhase;
			buildActionMask = 2147483647;
			files = (
			);
			runOnlyForDeploymentPostprocessing = 0;
		};
/* End PBXFrameworksBuildPhase section */

/* Begin PBXGroup section */
		3B927B142D1422AD00030155 = {
			isa = PBXGroup;
			children = (
				3B927B1F2D1422AD00030155 /* QR Scanner */,
				3B927B312D1422B000030155 /* QR ScannerTests */,
				3B927B3B2D1422B000030155 /* QR ScannerUITests */,
				3B927B1E2D1422AD00030155 /* Products */,
			);
			sourceTree = "<group>";
		};
		3B927B1E2D1422AD00030155 /* Products */ = {
			isa = PBXGroup;
			children = (
				3B927B1D2D1422AD00030155 /* QR Scanner.app */,
				3B927B2E2D1422B000030155 /* QR ScannerTests.xctest */,
				3B927B382D1422B000030155 /* QR ScannerUITests.xctest */,
			);
			name = Products;
			sourceTree = "<group>";
		};
/* End PBXGroup section */

/* Begin PBXNativeTarget section */
		3B927B1C2D1422AD00030155 /* QR Scanner */ = {
			isa = PBXNativeTarget;
			buildConfigurationList = 3B927B422D1422B000030155 /* Build configuration list for PBXNativeTarget "QR Scanner" */;
			buildPhases = (
				3B927B192D1422AD00030155 /* Sources */,
				3B927B1A2D1422AD00030155 /* Frameworks */,
				3B927B1B2D1422AD00030155 /* Resources */,
			);
			buildRules = (
			);
			dependencies = (
			);
			fileSystemSynchronizedGroups = (
				3B927B1F2D1422AD00030155 /* QR Scanner */,
			);
			name = "QR Scanner";
			packageProductDependencies = (
			);
			productName = "QR Scanner";
			productReference = 3B927B1D2D1422AD00030155 /* QR Scanner.app */;
			productType = "com.apple.product-type.application";
		};
		3B927B2D2D1422B000030155 /* QR ScannerTests */ = {
			isa = PBXNativeTarget;
			buildConfigurationList = 3B927B452D1422B000030155 /* Build configuration list for PBXNativeTarget "QR ScannerTests" */;
			buildPhases = (
				3B927B2A2D1422B000030155 /* Sources */,
				3B927B2B2D1422B000030155 /* Frameworks */,
				3B927B2C2D1422B000030155 /* Resources */,
			);
			buildRules = (
			);
			dependencies = (
				3B927B302D1422B000030155 /* PBXTargetDependency */,
			);
			fileSystemSynchronizedGroups = (
				3B927B312D1422B000030155 /* QR ScannerTests */,
			);
			name = "QR ScannerTests";
			packageProductDependencies = (
			);
			productName = "QR ScannerTests";
			productReference = 3B927B2E2D1422B000030155 /* QR ScannerTests.xctest */;
			productType = "com.apple.product-type.bundle.unit-test";
		};
		3B927B372D1422B000030155 /* QR ScannerUITests */ = {
			isa = PBXNativeTarget;
			buildConfigurationList = 3B927B482D1422B000030155 /* Build configuration list for PBXNativeTarget "QR ScannerUITests" */;
			buildPhases = (
				3B927B342D1422B000030155 /* Sources */,
				3B927B352D1422B000030155 /* Frameworks */,
				3B927B362D1422B000030155 /* Resources */,
			);
			buildRules = (
			);
			dependencies = (
				3B927B3A2D1422B000030155 /* PBXTargetDependency */,
			);
			fileSystemSynchronizedGroups = (
				3B927B3B2D1422B000030155 /* QR ScannerUITests */,
			);
			name = "QR ScannerUITests";
			packageProductDependencies = (
			);
			productName = "QR ScannerUITests";
			productReference = 3B927B382D1422B000030155 /* QR ScannerUITests.xctest */;
			productType = "com.apple.product-type.bundle.ui-testing";
		};
/* End PBXNativeTarget section */

/* Begin PBXProject section */
		3B927B152D1422AD00030155 /* Project object */ = {
			isa = PBXProject;
			attributes = {
				BuildIndependentTargetsInParallel = 1;
				LastSwiftUpdateCheck = 1620;
				LastUpgradeCheck = 1620;
				TargetAttributes = {
					3B927B1C2D1422AD00030155 = {
						CreatedOnToolsVersion = 16.2;
					};
					3B927B2D2D1422B000030155 = {
						CreatedOnToolsVersion = 16.2;
						TestTargetID = 3B927B1C2D1422AD00030155;
					};
					3B927B372D1422B000030155 = {
						CreatedOnToolsVersion = 16.2;
						TestTargetID = 3B927B1C2D1422AD00030155;
					};
				};
			};
			buildConfigurationList = 3B927B182D1422AD00030155 /* Build configuration list for PBXProject "QR Scanner" */;
			developmentRegion = en;
			hasScannedForEncodings = 0;
			knownRegions = (
				en,
				Base,
			);
			mainGroup = 3B927B142D1422AD00030155;
			minimizedProjectReferenceProxies = 1;
			preferredProjectObjectVersion = 77;
			productRefGroup = 3B927B1E2D1422AD00030155 /* Products */;
			projectDirPath = "";
			projectRoot = "";
			targets = (
				3B927B1C2D1422AD00030155 /* QR Scanner */,
				3B927B2D2D1422B000030155 /* QR ScannerTests */,
				3B927B372D1422B000030155 /* QR ScannerUITests */,
			);
		};
/* End PBXProject section */

/* Begin PBXResourcesBuildPhase section */
		3B927B1B2D1422AD00030155 /* Resources */ = {
			isa = PBXResourcesBuildPhase;
			buildActionMask = 2147483647;
			files = (
			);
			runOnlyForDeploymentPostprocessing = 0;
		};
		3B927B2C2D1422B000030155 /* Resources */ = {
			isa = PBXResourcesBuildPhase;
			buildActionMask = 2147483647;
			files = (
			);
			runOnlyForDeploymentPostprocessing = 0;
		};
		3B927B362D1422B000030155 /* Resources */ = {
			isa = PBXResourcesBuildPhase;
			buildActionMask = 2147483647;
			files = (
			);
			runOnlyForDeploymentPostprocessing = 0;
		};
/* End PBXResourcesBuildPhase section */

/* Begin PBXSourcesBuildPhase section */
		3B927B192D1422AD00030155 /* Sources */ = {
			isa = PBXSourcesBuildPhase;
			buildActionMask = 2147483647;
			files = (
			);
			runOnlyForDeploymentPostprocessing = 0;
		};
		3B927B2A2D1422B000030155 /* Sources */ = {
			isa = PBXSourcesBuildPhase;
			buildActionMask = 2147483647;
			files = (
			);
			runOnlyForDeploymentPostprocessing = 0;
		};
		3B927B342D1422B000030155 /* Sources */ = {
			isa = PBXSourcesBuildPhase;
			buildActionMask = 2147483647;
			files = (
			);
			runOnlyForDeploymentPostprocessing = 0;
		};
/* End PBXSourcesBuildPhase section */

/* Begin PBXTargetDependency section */
		3B927B302D1422B000030155 /* PBXTargetDependency */ = {
			isa = PBXTargetDependency;
			target = 3B927B1C2D1422AD00030155 /* QR Scanner */;
			targetProxy = 3B927B2F2D1422B000030155 /* PBXContainerItemProxy */;
		};
		3B927B3A2D1422B000030155 /* PBXTargetDependency */ = {
			isa = PBXTargetDependency;
			target = 3B927B1C2D1422AD00030155 /* QR Scanner */;
			targetProxy = 3B927B392D1422B000030155 /* PBXContainerItemProxy */;
		};
/* End PBXTargetDependency section */

/* Begin XCBuildConfiguration section */
		3B927B402D1422B000030155 /* Debug */ = {
			isa = XCBuildConfiguration;
			buildSettings = {
				ALWAYS_SEARCH_USER_PATHS = NO;
				ASSETCATALOG_COMPILER_GENERATE_SWIFT_ASSET_SYMBOL_EXTENSIONS = YES;
				CLANG_ANALYZER_NONNULL = YES;
				CLANG_ANALYZER_NUMBER_OBJECT_CONVERSION = YES_AGGRESSIVE;
				CLANG_CXX_LANGUAGE_STANDARD = "gnu++20";
				CLANG_ENABLE_MODULES = YES;
				CLANG_ENABLE_OBJC_ARC = YES;
				CLANG_ENABLE_OBJC_WEAK = YES;
				CLANG_WARN_BLOCK_CAPTURE_AUTORELEASING = YES;
				CLANG_WARN_BOOL_CONVERSION = YES;
				CLANG_WARN_COMMA = YES;
				CLANG_WARN_CONSTANT_CONVERSION = YES;
				CLANG_WARN_DEPRECATED_OBJC_IMPLEMENTATIONS = YES;
				CLANG_WARN_DIRECT_OBJC_ISA_USAGE = YES_ERROR;
				CLANG_WARN_DOCUMENTATION_COMMENTS = YES;
				CLANG_WARN_EMPTY_BODY = YES;
				CLANG_WARN_ENUM_CONVERSION = YES;
				CLANG_WARN_INFINITE_RECURSION = YES;
				CLANG_WARN_INT_CONVERSION = YES;
				CLANG_WARN_NON_LITERAL_NULL_CONVERSION = YES;
				CLANG_WARN_OBJC_IMPLICIT_RETAIN_SELF = YES;
				CLANG_WARN_OBJC_LITERAL_CONVERSION = YES;
				CLANG_WARN_OBJC_ROOT_CLASS = YES_ERROR;
				CLANG_WARN_QUOTED_INCLUDE_IN_FRAMEWORK_HEADER = YES;
				CLANG_WARN_RANGE_LOOP_ANALYSIS = YES;
				CLANG_WARN_STRICT_PROTOTYPES = YES;
				CLANG_WARN_SUSPICIOUS_MOVE = YES;
				CLANG_WARN_UNGUARDED_AVAILABILITY = YES_AGGRESSIVE;
				CLANG_WARN_UNREACHABLE_CODE = YES;
				CLANG_WARN__DUPLICATE_METHOD_MATCH = YES;
				COPY_PHASE_STRIP = NO;
				DEBUG_INFORMATION_FORMAT = dwarf;
				ENABLE_STRICT_OBJC_MSGSEND = YES;
				ENABLE_TESTABILITY = YES;
				ENABLE_USER_SCRIPT_SANDBOXING = YES;
				GCC_C_LANGUAGE_STANDARD = gnu17;
				GCC_DYNAMIC_NO_PIC = NO;
				GCC_NO_COMMON_BLOCKS = YES;
				GCC_OPTIMIZATION_LEVEL = 0;
				GCC_PREPROCESSOR_DEFINITIONS = (
					"DEBUG=1",
					"$(inherited)",
				);
				GCC_WARN_64_TO_32_BIT_CONVERSION = YES;
				GCC_WARN_ABOUT_RETURN_TYPE = YES_ERROR;
				GCC_WARN_UNDECLARED_SELECTOR = YES;
				GCC_WARN_UNINITIALIZED_AUTOS = YES_AGGRESSIVE;
				GCC_WARN_UNUSED_FUNCTION = YES;
				GCC_WARN_UNUSED_VARIABLE = YES;
				LOCALIZATION_PREFERS_STRING_CATALOGS = YES;
				MACOSX_DEPLOYMENT_TARGET = 15.1;
				MTL_ENABLE_DEBUG_INFO = INCLUDE_SOURCE;
				MTL_FAST_MATH = YES;
				ONLY_ACTIVE_ARCH = YES;
				SDKROOT = macosx;
				SWIFT_ACTIVE_COMPILATION_CONDITIONS = "DEBUG $(inherited)";
				SWIFT_OPTIMIZATION_LEVEL = "-Onone";
			};
			name = Debug;
		};
		3B927B412D1422B000030155 /* Release */ = {
			isa = XCBuildConfiguration;
			buildSettings = {
				ALWAYS_SEARCH_USER_PATHS = NO;
				ASSETCATALOG_COMPILER_GENERATE_SWIFT_ASSET_SYMBOL_EXTENSIONS = YES;
				CLANG_ANALYZER_NONNULL = YES;
				CLANG_ANALYZER_NUMBER_OBJECT_CONVERSION = YES_AGGRESSIVE;
				CLANG_CXX_LANGUAGE_STANDARD = "gnu++20";
				CLANG_ENABLE_MODULES = YES;
				CLANG_ENABLE_OBJC_ARC = YES;
				CLANG_ENABLE_OBJC_WEAK = YES;
				CLANG_WARN_BLOCK_CAPTURE_AUTORELEASING = YES;
				CLANG_WARN_BOOL_CONVERSION = YES;
				CLANG_WARN_COMMA = YES;
				CLANG_WARN_CONSTANT_CONVERSION = YES;
				CLANG_WARN_DEPRECATED_OBJC_IMPLEMENTATIONS = YES;
				CLANG_WARN_DIRECT_OBJC_ISA_USAGE = YES_ERROR;
				CLANG_WARN_DOCUMENTATION_COMMENTS = YES;
				CLANG_WARN_EMPTY_BODY = YES;
				CLANG_WARN_ENUM_CONVERSION = YES;
				CLANG_WARN_INFINITE_RECURSION = YES;
				CLANG_WARN_INT_CONVERSION = YES;
				CLANG_WARN_NON_LITERAL_NULL_CONVERSION = YES;
				CLANG_WARN_OBJC_IMPLICIT_RETAIN_SELF = YES;
				CLANG_WARN_OBJC_LITERAL_CONVERSION = YES;
				CLANG_WARN_OBJC_ROOT_CLASS = YES_ERROR;
				CLANG_WARN_QUOTED_INCLUDE_IN_FRAMEWORK_HEADER = YES;
				CLANG_WARN_RANGE_LOOP_ANALYSIS = YES;
				CLANG_WARN_STRICT_PROTOTYPES = YES;
				CLANG_WARN_SUSPICIOUS_MOVE = YES;
				CLANG_WARN_UNGUARDED_AVAILABILITY = YES_AGGRESSIVE;
				CLANG_WARN_UNREACHABLE_CODE = YES;
				CLANG_WARN__DUPLICATE_METHOD_MATCH = YES;
				COPY_PHASE_STRIP = NO;
				DEBUG_INFORMATION_FORMAT = "dwarf-with-dsym";
				ENABLE_NS_ASSERTIONS = NO;
				ENABLE_STRICT_OBJC_MSGSEND = YES;
				ENABLE_USER_SCRIPT_SANDBOXING = YES;
				GCC_C_LANGUAGE_STANDARD = gnu17;
				GCC_NO_COMMON_BLOCKS = YES;
				GCC_WARN_64_TO_32_BIT_CONVERSION = YES;
				GCC_WARN_ABOUT_RETURN_TYPE = YES_ERROR;
				GCC_WARN_UNDECLARED_SELECTOR = YES;
				GCC_WARN_UNINITIALIZED_AUTOS = YES_AGGRESSIVE;
				GCC_WARN_UNUSED_FUNCTION = YES;
				GCC_WARN_UNUSED_VARIABLE = YES;
				LOCALIZATION_PREFERS_STRING_CATALOGS = YES;
				MACOSX_DEPLOYMENT_TARGET = 15.1;
				MTL_ENABLE_DEBUG_INFO = NO;
				MTL_FAST_MATH = YES;
				SDKROOT = macosx;
				SWIFT_COMPILATION_MODE = wholemodule;
			};
			name = Release;
		};
		3B927B432D1422B000030155 /* Debug */ = {
			isa = XCBuildConfiguration;
			buildSettings = {
				ASSETCATALOG_COMPILER_APPICON_NAME = AppIcon;
				ASSETCATALOG_COMPILER_GLOBAL_ACCENT_COLOR_NAME = AccentColor;
				CODE_SIGN_ENTITLEMENTS = "QR Scanner/QR_Scanner.entitlements";
				"CODE_SIGN_IDENTITY[sdk=macosx*]" = "Apple Development";
				CODE_SIGN_STYLE = Automatic;
				COMBINE_HIDPI_IMAGES = YES;
				CURRENT_PROJECT_VERSION = 1;
				DEVELOPMENT_ASSET_PATHS = "\"QR Scanner/Preview Content\"";
				DEVELOPMENT_TEAM = BT95T2TPU8;
				ENABLE_PREVIEWS = YES;
				GENERATE_INFOPLIST_FILE = YES;
				INFOPLIST_KEY_NSHumanReadableCopyright = "";
				LD_RUNPATH_SEARCH_PATHS = (
					"$(inherited)",
					"@executable_path/../Frameworks",
				);
				MARKETING_VERSION = 1.0;
				PRODUCT_BUNDLE_IDENTIFIER = "topabaem.QR-Scanner";
				PRODUCT_NAME = "$(TARGET_NAME)";
				SWIFT_EMIT_LOC_STRINGS = YES;
				SWIFT_VERSION = 5.0;
			};
			name = Debug;
		};
		3B927B442D1422B000030155 /* Release */ = {
			isa = XCBuildConfiguration;
			buildSettings = {
				ASSETCATALOG_COMPILER_APPICON_NAME = AppIcon;
				ASSETCATALOG_COMPILER_GLOBAL_ACCENT_COLOR_NAME = AccentColor;
				CODE_SIGN_ENTITLEMENTS = "QR Scanner/QR_Scanner.entitlements";
				"CODE_SIGN_IDENTITY[sdk=macosx*]" = "Apple Development";
				CODE_SIGN_STYLE = Automatic;
				COMBINE_HIDPI_IMAGES = YES;
				CURRENT_PROJECT_VERSION = 1;
				DEVELOPMENT_ASSET_PATHS = "\"QR Scanner/Preview Content\"";
				DEVELOPMENT_TEAM = BT95T2TPU8;
				ENABLE_PREVIEWS = YES;
				GENERATE_INFOPLIST_FILE = YES;
				INFOPLIST_KEY_NSHumanReadableCopyright = "";
				LD_RUNPATH_SEARCH_PATHS = (
					"$(inherited)",
					"@executable_path/../Frameworks",
				);
				MARKETING_VERSION = 1.0;
				PRODUCT_BUNDLE_IDENTIFIER = "topabaem.QR-Scanner";
				PRODUCT_NAME = "$(TARGET_NAME)";
				SWIFT_EMIT_LOC_STRINGS = YES;
				SWIFT_VERSION = 5.0;
			};
			name = Release;
		};
		3B927B462D1422B000030155 /* Debug */ = {
			isa = XCBuildConfiguration;
			buildSettings = {
				BUNDLE_LOADER = "$(TEST_HOST)";
				CODE_SIGN_STYLE = Automatic;
				CURRENT_PROJECT_VERSION = 1;
				GENERATE_INFOPLIST_FILE = YES;
				MACOSX_DEPLOYMENT_TARGET = 15.1;
				MARKETING_VERSION = 1.0;
				PRODUCT_BUNDLE_IDENTIFIER = "topabaem.QR-ScannerTests";
				PRODUCT_NAME = "$(TARGET_NAME)";
				SWIFT_EMIT_LOC_STRINGS = NO;
				SWIFT_VERSION = 5.0;
				TEST_HOST = "$(BUILT_PRODUCTS_DIR)/QR Scanner.app/$(BUNDLE_EXECUTABLE_FOLDER_PATH)/QR Scanner";
			};
			name = Debug;
		};
		3B927B472D1422B000030155 /* Release */ = {
			isa = XCBuildConfiguration;
			buildSettings = {
				BUNDLE_LOADER = "$(TEST_HOST)";
				CODE_SIGN_STYLE = Automatic;
				CURRENT_PROJECT_VERSION = 1;
				GENERATE_INFOPLIST_FILE = YES;
				MACOSX_DEPLOYMENT_TARGET = 15.1;
				MARKETING_VERSION = 1.0;
				PRODUCT_BUNDLE_IDENTIFIER = "topabaem.QR-ScannerTests";
				PRODUCT_NAME = "$(TARGET_NAME)";
				SWIFT_EMIT_LOC_STRINGS = NO;
				SWIFT_VERSION = 5.0;
				TEST_HOST = "$(BUILT_PRODUCTS_DIR)/QR Scanner.app/$(BUNDLE_EXECUTABLE_FOLDER_PATH)/QR Scanner";
			};
			name = Release;
		};
		3B927B492D1422B000030155 /* Debug */ = {
			isa = XCBuildConfiguration;
			buildSettings = {
				CODE_SIGN_STYLE = Automatic;
				CURRENT_PROJECT_VERSION = 1;
				GENERATE_INFOPLIST_FILE = YES;
				MARKETING_VERSION = 1.0;
				PRODUCT_BUNDLE_IDENTIFIER = "topabaem.QR-ScannerUITests";
				PRODUCT_NAME = "$(TARGET_NAME)";
				SWIFT_EMIT_LOC_STRINGS = NO;
				SWIFT_VERSION = 5.0;
				TEST_TARGET_NAME = "QR Scanner";
			};
			name = Debug;
		};
		3B927B4A2D1422B000030155 /* Release */ = {
			isa = XCBuildConfiguration;
			buildSettings = {
				CODE_SIGN_STYLE = Automatic;
				CURRENT_PROJECT_VERSION = 1;
				GENERATE_INFOPLIST_FILE = YES;
				MARKETING_VERSION = 1.0;
				PRODUCT_BUNDLE_IDENTIFIER = "topabaem.QR-ScannerUITests";
				PRODUCT_NAME = "$(TARGET_NAME)";
				SWIFT_EMIT_LOC_STRINGS = NO;
				SWIFT_VERSION = 5.0;
				TEST_TARGET_NAME = "QR Scanner";
			};
			name = Release;
		};
/* End XCBuildConfiguration section */

/* Begin XCConfigurationList section */
		3B927B182D1422AD00030155 /* Build configuration list for PBXProject "QR Scanner" */ = {
			isa = XCConfigurationList;
			buildConfigurations = (
				3B927B402D1422B000030155 /* Debug */,
				3B927B412D1422B000030155 /* Release */,
			);
			defaultConfigurationIsVisible = 0;
			defaultConfigurationName = Release;
		};
		3B927B422D1422B000030155 /* Build configuration list for PBXNativeTarget "QR Scanner" */ = {
			isa = XCConfigurationList;
			buildConfigurations = (
				3B927B432D1422B000030155 /* Debug */,
				3B927B442D1422B000030155 /* Release */,
			);
			defaultConfigurationIsVisible = 0;
			defaultConfigurationName = Release;
		};
		3B927B452D1422B000030155 /* Build configuration list for PBXNativeTarget "QR ScannerTests" */ = {
			isa = XCConfigurationList;
			buildConfigurations = (
				3B927B462D1422B000030155 /* Debug */,
				3B927B472D1422B000030155 /* Release */,
			);
			defaultConfigurationIsVisible = 0;
			defaultConfigurationName = Release;
		};
		3B927B482D1422B000030155 /* Build configuration list for PBXNativeTarget "QR ScannerUITests" */ = {
			isa = XCConfigurationList;
			buildConfigurations = (
				3B927B492D1422B000030155 /* Debug */,
				3B927B4A2D1422B000030155 /* Release */,
			);
			defaultConfigurationIsVisible = 0;
			defaultConfigurationName = Release;
		};
/* End XCConfigurationList section */
	};
	rootObject = 3B927B152D1422AD00030155 /* Project object */;
}
